// !$*UTF8*$!
{
	archiveVersion = 1;
	classes = {
	};
	objectVersion = 55;
	objects = {

/* Begin PBXBuildFile section */
		0E47B2FDD39EF4176980EC28 /* libPods-TXRNTest.a in Frameworks */ = {isa = PBXBuildFile; fileRef = E56BA8D260D18A37AADBFAE2 /* libPods-TXRNTest.a */; };
		7D06751328868D280074B4F7 /* Fontisto.ttf in Resources */ = {isa = PBXBuildFile; fileRef = 7D06750328868D280074B4F7 /* Fontisto.ttf */; };
		7D06751428868D280074B4F7 /* Octicons.ttf in Resources */ = {isa = PBXBuildFile; fileRef = 7D06750428868D280074B4F7 /* Octicons.ttf */; };
		7D06751528868D280074B4F7 /* Feather.ttf in Resources */ = {isa = PBXBuildFile; fileRef = 7D06750528868D280074B4F7 /* Feather.ttf */; };
		7D06751628868D280074B4F7 /* Entypo.ttf in Resources */ = {isa = PBXBuildFile; fileRef = 7D06750628868D280074B4F7 /* Entypo.ttf */; };
		7D06751728868D280074B4F7 /* FontAwesome5_Brands.ttf in Resources */ = {isa = PBXBuildFile; fileRef = 7D06750728868D280074B4F7 /* FontAwesome5_Brands.ttf */; };
		7D06751828868D280074B4F7 /* MaterialCommunityIcons.ttf in Resources */ = {isa = PBXBuildFile; fileRef = 7D06750828868D280074B4F7 /* MaterialCommunityIcons.ttf */; };
		7D06751928868D280074B4F7 /* AntDesign.ttf in Resources */ = {isa = PBXBuildFile; fileRef = 7D06750928868D280074B4F7 /* AntDesign.ttf */; };
		7D06751A28868D280074B4F7 /* Foundation.ttf in Resources */ = {isa = PBXBuildFile; fileRef = 7D06750A28868D280074B4F7 /* Foundation.ttf */; };
		7D06751B28868D280074B4F7 /* Ionicons.ttf in Resources */ = {isa = PBXBuildFile; fileRef = 7D06750B28868D280074B4F7 /* Ionicons.ttf */; };
		7D06751C28868D280074B4F7 /* FontAwesome5_Solid.ttf in Resources */ = {isa = PBXBuildFile; fileRef = 7D06750C28868D280074B4F7 /* FontAwesome5_Solid.ttf */; };
		7D06751D28868D280074B4F7 /* FontAwesome5_Regular.ttf in Resources */ = {isa = PBXBuildFile; fileRef = 7D06750D28868D280074B4F7 /* FontAwesome5_Regular.ttf */; };
		7D06751E28868D280074B4F7 /* FontAwesome.ttf in Resources */ = {isa = PBXBuildFile; fileRef = 7D06750E28868D280074B4F7 /* FontAwesome.ttf */; };
		7D06751F28868D280074B4F7 /* Zocial.ttf in Resources */ = {isa = PBXBuildFile; fileRef = 7D06750F28868D280074B4F7 /* Zocial.ttf */; };
		7D06752028868D280074B4F7 /* EvilIcons.ttf in Resources */ = {isa = PBXBuildFile; fileRef = 7D06751028868D280074B4F7 /* EvilIcons.ttf */; };
		7D06752128868D280074B4F7 /* SimpleLineIcons.ttf in Resources */ = {isa = PBXBuildFile; fileRef = 7D06751128868D280074B4F7 /* SimpleLineIcons.ttf */; };
		7D06752228868D280074B4F7 /* MaterialIcons.ttf in Resources */ = {isa = PBXBuildFile; fileRef = 7D06751228868D280074B4F7 /* MaterialIcons.ttf */; };
		7DA69362287D256D0008ED37 /* TestViewController.m in Sources */ = {isa = PBXBuildFile; fileRef = 7DA69361287D256D0008ED37 /* TestViewController.m */; };
		7DA69365287D40F60008ED37 /* PushNative.m in Sources */ = {isa = PBXBuildFile; fileRef = 7DA69364287D40F60008ED37 /* PushNative.m */; };
		7DA69368287EB5030008ED37 /* CJHTTPRequest.m in Sources */ = {isa = PBXBuildFile; fileRef = 7DA69366287EB5030008ED37 /* CJHTTPRequest.m */; };
		7DBBD19B288FD7C8005CD699 /* ip.txt in Resources */ = {isa = PBXBuildFile; fileRef = 7DBBD19A288FD7C8005CD699 /* ip.txt */; };
		7DBBD1AB288FDDB2005CD699 /* main.jsbundle in Resources */ = {isa = PBXBuildFile; fileRef = 7DBBD19D288FDDB2005CD699 /* main.jsbundle */; };
		7DBBD1AC288FDDB2005CD699 /* back-icon@3x.png in Resources */ = {isa = PBXBuildFile; fileRef = 7DBBD1A4288FDDB2005CD699 /* back-icon@3x.png */; };
		7DBBD1AD288FDDB2005CD699 /* back-icon@2x.png in Resources */ = {isa = PBXBuildFile; fileRef = 7DBBD1A5288FDDB2005CD699 /* back-icon@2x.png */; };
		7DBBD1AE288FDDB2005CD699 /* back-icon.png in Resources */ = {isa = PBXBuildFile; fileRef = 7DBBD1A6288FDDB2005CD699 /* back-icon.png */; };
		7DBBD1AF288FDDB2005CD699 /* back-icon-mask.png in Resources */ = {isa = PBXBuildFile; fileRef = 7DBBD1A7288FDDB2005CD699 /* back-icon-mask.png */; };
		7DBBD1B0288FDDB2005CD699 /* gif.gif in Resources */ = {isa = PBXBuildFile; fileRef = 7DBBD1A9288FDDB2005CD699 /* gif.gif */; };
		7DBBD1B1288FDDB2005CD699 /* logo.png in Resources */ = {isa = PBXBuildFile; fileRef = 7DBBD1AA288FDDB2005CD699 /* logo.png */; };
		7DEEC72F286043350060BEDF /* AppDelegate.m in Sources */ = {isa = PBXBuildFile; fileRef = 7DEEC72E286043350060BEDF /* AppDelegate.m */; };
		7DEEC732286043350060BEDF /* SceneDelegate.m in Sources */ = {isa = PBXBuildFile; fileRef = 7DEEC731286043350060BEDF /* SceneDelegate.m */; };
		7DEEC735286043350060BEDF /* ViewController.m in Sources */ = {isa = PBXBuildFile; fileRef = 7DEEC734286043350060BEDF /* ViewController.m */; };
		7DEEC738286043350060BEDF /* Main.storyboard in Resources */ = {isa = PBXBuildFile; fileRef = 7DEEC736286043350060BEDF /* Main.storyboard */; };
		7DEEC73A286043370060BEDF /* Assets.xcassets in Resources */ = {isa = PBXBuildFile; fileRef = 7DEEC739286043370060BEDF /* Assets.xcassets */; };
		7DEEC73D286043370060BEDF /* LaunchScreen.storyboard in Resources */ = {isa = PBXBuildFile; fileRef = 7DEEC73B286043370060BEDF /* LaunchScreen.storyboard */; };
		7DEEC740286043370060BEDF /* main.m in Sources */ = {isa = PBXBuildFile; fileRef = 7DEEC73F286043370060BEDF /* main.m */; };
/* End PBXBuildFile section */

/* Begin PBXFileReference section */
		6A65F412940828E4C8ACADAD /* Pods-TXRNTest.release.xcconfig */ = {isa = PBXFileReference; includeInIndex = 1; lastKnownFileType = text.xcconfig; name = "Pods-TXRNTest.release.xcconfig"; path = "Target Support Files/Pods-TXRNTest/Pods-TXRNTest.release.xcconfig"; sourceTree = "<group>"; };
		7D06750328868D280074B4F7 /* Fontisto.ttf */ = {isa = PBXFileReference; lastKnownFileType = file; path = Fontisto.ttf; sourceTree = "<group>"; };
		7D06750428868D280074B4F7 /* Octicons.ttf */ = {isa = PBXFileReference; lastKnownFileType = file; path = Octicons.ttf; sourceTree = "<group>"; };
		7D06750528868D280074B4F7 /* Feather.ttf */ = {isa = PBXFileReference; lastKnownFileType = file; path = Feather.ttf; sourceTree = "<group>"; };
		7D06750628868D280074B4F7 /* Entypo.ttf */ = {isa = PBXFileReference; lastKnownFileType = file; path = Entypo.ttf; sourceTree = "<group>"; };
		7D06750728868D280074B4F7 /* FontAwesome5_Brands.ttf */ = {isa = PBXFileReference; lastKnownFileType = file; path = FontAwesome5_Brands.ttf; sourceTree = "<group>"; };
		7D06750828868D280074B4F7 /* MaterialCommunityIcons.ttf */ = {isa = PBXFileReference; lastKnownFileType = file; path = MaterialCommunityIcons.ttf; sourceTree = "<group>"; };
		7D06750928868D280074B4F7 /* AntDesign.ttf */ = {isa = PBXFileReference; lastKnownFileType = file; path = AntDesign.ttf; sourceTree = "<group>"; };
		7D06750A28868D280074B4F7 /* Foundation.ttf */ = {isa = PBXFileReference; lastKnownFileType = file; path = Foundation.ttf; sourceTree = "<group>"; };
		7D06750B28868D280074B4F7 /* Ionicons.ttf */ = {isa = PBXFileReference; lastKnownFileType = file; path = Ionicons.ttf; sourceTree = "<group>"; };
		7D06750C28868D280074B4F7 /* FontAwesome5_Solid.ttf */ = {isa = PBXFileReference; lastKnownFileType = file; path = FontAwesome5_Solid.ttf; sourceTree = "<group>"; };
		7D06750D28868D280074B4F7 /* FontAwesome5_Regular.ttf */ = {isa = PBXFileReference; lastKnownFileType = file; path = FontAwesome5_Regular.ttf; sourceTree = "<group>"; };
		7D06750E28868D280074B4F7 /* FontAwesome.ttf */ = {isa = PBXFileReference; lastKnownFileType = file; path = FontAwesome.ttf; sourceTree = "<group>"; };
		7D06750F28868D280074B4F7 /* Zocial.ttf */ = {isa = PBXFileReference; lastKnownFileType = file; path = Zocial.ttf; sourceTree = "<group>"; };
		7D06751028868D280074B4F7 /* EvilIcons.ttf */ = {isa = PBXFileReference; lastKnownFileType = file; path = EvilIcons.ttf; sourceTree = "<group>"; };
		7D06751128868D280074B4F7 /* SimpleLineIcons.ttf */ = {isa = PBXFileReference; lastKnownFileType = file; path = SimpleLineIcons.ttf; sourceTree = "<group>"; };
		7D06751228868D280074B4F7 /* MaterialIcons.ttf */ = {isa = PBXFileReference; lastKnownFileType = file; path = MaterialIcons.ttf; sourceTree = "<group>"; };
		7DA69360287D256D0008ED37 /* TestViewController.h */ = {isa = PBXFileReference; lastKnownFileType = sourcecode.c.h; path = TestViewController.h; sourceTree = "<group>"; };
		7DA69361287D256D0008ED37 /* TestViewController.m */ = {isa = PBXFileReference; lastKnownFileType = sourcecode.c.objc; path = TestViewController.m; sourceTree = "<group>"; };
		7DA69363287D40F60008ED37 /* PushNative.h */ = {isa = PBXFileReference; lastKnownFileType = sourcecode.c.h; path = PushNative.h; sourceTree = "<group>"; };
		7DA69364287D40F60008ED37 /* PushNative.m */ = {isa = PBXFileReference; lastKnownFileType = sourcecode.c.objc; path = PushNative.m; sourceTree = "<group>"; };
		7DA69366287EB5030008ED37 /* CJHTTPRequest.m */ = {isa = PBXFileReference; fileEncoding = 4; lastKnownFileType = sourcecode.c.objc; path = CJHTTPRequest.m; sourceTree = "<group>"; };
		7DA69367287EB5030008ED37 /* CJHTTPRequest.h */ = {isa = PBXFileReference; fileEncoding = 4; lastKnownFileType = sourcecode.c.h; path = CJHTTPRequest.h; sourceTree = "<group>"; };
		7DBBD19A288FD7C8005CD699 /* ip.txt */ = {isa = PBXFileReference; fileEncoding = 4; lastKnownFileType = text; path = ip.txt; sourceTree = "<group>"; };
		7DBBD19D288FDDB2005CD699 /* main.jsbundle */ = {isa = PBXFileReference; fileEncoding = 4; lastKnownFileType = text; path = main.jsbundle; sourceTree = "<group>"; };
		7DBBD1A4288FDDB2005CD699 /* back-icon@3x.png */ = {isa = PBXFileReference; lastKnownFileType = image.png; path = "back-icon@3x.png"; sourceTree = "<group>"; };
		7DBBD1A5288FDDB2005CD699 /* back-icon@2x.png */ = {isa = PBXFileReference; lastKnownFileType = image.png; path = "back-icon@2x.png"; sourceTree = "<group>"; };
		7DBBD1A6288FDDB2005CD699 /* back-icon.png */ = {isa = PBXFileReference; lastKnownFileType = image.png; path = "back-icon.png"; sourceTree = "<group>"; };
		7DBBD1A7288FDDB2005CD699 /* back-icon-mask.png */ = {isa = PBXFileReference; lastKnownFileType = image.png; path = "back-icon-mask.png"; sourceTree = "<group>"; };
		7DBBD1A9288FDDB2005CD699 /* gif.gif */ = {isa = PBXFileReference; lastKnownFileType = image.gif; path = gif.gif; sourceTree = "<group>"; };
		7DBBD1AA288FDDB2005CD699 /* logo.png */ = {isa = PBXFileReference; lastKnownFileType = image.png; path = logo.png; sourceTree = "<group>"; };
		7DEEC72A286043350060BEDF /* TXRNTest.app */ = {isa = PBXFileReference; explicitFileType = wrapper.application; includeInIndex = 0; path = TXRNTest.app; sourceTree = BUILT_PRODUCTS_DIR; };
		7DEEC72D286043350060BEDF /* AppDelegate.h */ = {isa = PBXFileReference; lastKnownFileType = sourcecode.c.h; path = AppDelegate.h; sourceTree = "<group>"; };
		7DEEC72E286043350060BEDF /* AppDelegate.m */ = {isa = PBXFileReference; lastKnownFileType = sourcecode.c.objc; path = AppDelegate.m; sourceTree = "<group>"; };
		7DEEC730286043350060BEDF /* SceneDelegate.h */ = {isa = PBXFileReference; lastKnownFileType = sourcecode.c.h; path = SceneDelegate.h; sourceTree = "<group>"; };
		7DEEC731286043350060BEDF /* SceneDelegate.m */ = {isa = PBXFileReference; lastKnownFileType = sourcecode.c.objc; path = SceneDelegate.m; sourceTree = "<group>"; };
		7DEEC733286043350060BEDF /* ViewController.h */ = {isa = PBXFileReference; lastKnownFileType = sourcecode.c.h; path = ViewController.h; sourceTree = "<group>"; };
		7DEEC734286043350060BEDF /* ViewController.m */ = {isa = PBXFileReference; lastKnownFileType = sourcecode.c.objc; path = ViewController.m; sourceTree = "<group>"; };
		7DEEC737286043350060BEDF /* Base */ = {isa = PBXFileReference; lastKnownFileType = file.storyboard; name = Base; path = Base.lproj/Main.storyboard; sourceTree = "<group>"; };
		7DEEC739286043370060BEDF /* Assets.xcassets */ = {isa = PBXFileReference; lastKnownFileType = folder.assetcatalog; path = Assets.xcassets; sourceTree = "<group>"; };
		7DEEC73C286043370060BEDF /* Base */ = {isa = PBXFileReference; lastKnownFileType = file.storyboard; name = Base; path = Base.lproj/LaunchScreen.storyboard; sourceTree = "<group>"; };
		7DEEC73E286043370060BEDF /* Info.plist */ = {isa = PBXFileReference; lastKnownFileType = text.plist.xml; path = Info.plist; sourceTree = "<group>"; };
		7DEEC73F286043370060BEDF /* main.m */ = {isa = PBXFileReference; lastKnownFileType = sourcecode.c.objc; path = main.m; sourceTree = "<group>"; };
		CA59E96EDAEDDBB1E8F7C508 /* Pods-TXRNTest.debug.xcconfig */ = {isa = PBXFileReference; includeInIndex = 1; lastKnownFileType = text.xcconfig; name = "Pods-TXRNTest.debug.xcconfig"; path = "Target Support Files/Pods-TXRNTest/Pods-TXRNTest.debug.xcconfig"; sourceTree = "<group>"; };
		E56BA8D260D18A37AADBFAE2 /* libPods-TXRNTest.a */ = {isa = PBXFileReference; explicitFileType = archive.ar; includeInIndex = 0; path = "libPods-TXRNTest.a"; sourceTree = BUILT_PRODUCTS_DIR; };
/* End PBXFileReference section */

/* Begin PBXFrameworksBuildPhase section */
		7DEEC727286043350060BEDF /* Frameworks */ = {
			isa = PBXFrameworksBuildPhase;
			buildActionMask = 2147483647;
			files = (
				0E47B2FDD39EF4176980EC28 /* libPods-TXRNTest.a in Frameworks */,
			);
			runOnlyForDeploymentPostprocessing = 0;
		};
/* End PBXFrameworksBuildPhase section */

/* Begin PBXGroup section */
		382674382F25015B397C005C /* Pods */ = {
			isa = PBXGroup;
			children = (
				CA59E96EDAEDDBB1E8F7C508 /* Pods-TXRNTest.debug.xcconfig */,
				6A65F412940828E4C8ACADAD /* Pods-TXRNTest.release.xcconfig */,
			);
			path = Pods;
			sourceTree = "<group>";
		};
		7D0674E0288688BD0074B4F7 /* Resource */ = {
			isa = PBXGroup;
			children = (
				7D06750228868D280074B4F7 /* Fonts */,
			);
			path = Resource;
			sourceTree = "<group>";
		};
		7D06750228868D280074B4F7 /* Fonts */ = {
			isa = PBXGroup;
			children = (
				7D06750328868D280074B4F7 /* Fontisto.ttf */,
				7D06750428868D280074B4F7 /* Octicons.ttf */,
				7D06750528868D280074B4F7 /* Feather.ttf */,
				7D06750628868D280074B4F7 /* Entypo.ttf */,
				7D06750728868D280074B4F7 /* FontAwesome5_Brands.ttf */,
				7D06750828868D280074B4F7 /* MaterialCommunityIcons.ttf */,
				7D06750928868D280074B4F7 /* AntDesign.ttf */,
				7D06750A28868D280074B4F7 /* Foundation.ttf */,
				7D06750B28868D280074B4F7 /* Ionicons.ttf */,
				7D06750C28868D280074B4F7 /* FontAwesome5_Solid.ttf */,
				7D06750D28868D280074B4F7 /* FontAwesome5_Regular.ttf */,
				7D06750E28868D280074B4F7 /* FontAwesome.ttf */,
				7D06750F28868D280074B4F7 /* Zocial.ttf */,
				7D06751028868D280074B4F7 /* EvilIcons.ttf */,
				7D06751128868D280074B4F7 /* SimpleLineIcons.ttf */,
				7D06751228868D280074B4F7 /* MaterialIcons.ttf */,
			);
			path = Fonts;
			sourceTree = "<group>";
		};
		7DBBD19C288FDDB2005CD699 /* bundle */ = {
			isa = PBXGroup;
			children = (
				7DBBD19D288FDDB2005CD699 /* main.jsbundle */,
				7DBBD19E288FDDB2005CD699 /* assets */,
			);
			path = bundle;
			sourceTree = "<group>";
		};
		7DBBD19E288FDDB2005CD699 /* assets */ = {
			isa = PBXGroup;
			children = (
				7DBBD19F288FDDB2005CD699 /* node_modules */,
				7DBBD1A8288FDDB2005CD699 /* static */,
			);
			path = assets;
			sourceTree = "<group>";
		};
		7DBBD19F288FDDB2005CD699 /* node_modules */ = {
			isa = PBXGroup;
			children = (
				7DBBD1A0288FDDB2005CD699 /* @react-navigation */,
			);
			path = node_modules;
			sourceTree = "<group>";
		};
		7DBBD1A0288FDDB2005CD699 /* @react-navigation */ = {
			isa = PBXGroup;
			children = (
				7DBBD1A1288FDDB2005CD699 /* elements */,
			);
			path = "@react-navigation";
			sourceTree = "<group>";
		};
		7DBBD1A1288FDDB2005CD699 /* elements */ = {
			isa = PBXGroup;
			children = (
				7DBBD1A2288FDDB2005CD699 /* src */,
			);
			path = elements;
			sourceTree = "<group>";
		};
		7DBBD1A2288FDDB2005CD699 /* src */ = {
			isa = PBXGroup;
			children = (
				7DBBD1A3288FDDB2005CD699 /* assets */,
			);
			path = src;
			sourceTree = "<group>";
		};
		7DBBD1A3288FDDB2005CD699 /* assets */ = {
			isa = PBXGroup;
			children = (
				7DBBD1A4288FDDB2005CD699 /* back-icon@3x.png */,
				7DBBD1A5288FDDB2005CD699 /* back-icon@2x.png */,
				7DBBD1A6288FDDB2005CD699 /* back-icon.png */,
				7DBBD1A7288FDDB2005CD699 /* back-icon-mask.png */,
			);
			path = assets;
			sourceTree = "<group>";
		};
		7DBBD1A8288FDDB2005CD699 /* static */ = {
			isa = PBXGroup;
			children = (
				7DBBD1A9288FDDB2005CD699 /* gif.gif */,
				7DBBD1AA288FDDB2005CD699 /* logo.png */,
			);
			path = static;
			sourceTree = "<group>";
		};
		7DEEC721286043350060BEDF = {
			isa = PBXGroup;
			children = (
				7DBBD19C288FDDB2005CD699 /* bundle */,
				7DEEC72C286043350060BEDF /* TXRNTest */,
				7DEEC72B286043350060BEDF /* Products */,
				382674382F25015B397C005C /* Pods */,
				FD27C53F79EA65B2473652B1 /* Frameworks */,
			);
			sourceTree = "<group>";
		};
		7DEEC72B286043350060BEDF /* Products */ = {
			isa = PBXGroup;
			children = (
				7DEEC72A286043350060BEDF /* TXRNTest.app */,
			);
			name = Products;
			sourceTree = "<group>";
		};
		7DEEC72C286043350060BEDF /* TXRNTest */ = {
			isa = PBXGroup;
			children = (
				7DEEC72D286043350060BEDF /* AppDelegate.h */,
				7DEEC72E286043350060BEDF /* AppDelegate.m */,
				7DEEC730286043350060BEDF /* SceneDelegate.h */,
				7DEEC731286043350060BEDF /* SceneDelegate.m */,
				7DEEC733286043350060BEDF /* ViewController.h */,
				7DEEC734286043350060BEDF /* ViewController.m */,
				7DA69360287D256D0008ED37 /* TestViewController.h */,
				7DA69361287D256D0008ED37 /* TestViewController.m */,
				7DA69363287D40F60008ED37 /* PushNative.h */,
				7DA69364287D40F60008ED37 /* PushNative.m */,
				7DA69367287EB5030008ED37 /* CJHTTPRequest.h */,
				7DA69366287EB5030008ED37 /* CJHTTPRequest.m */,
				7DBBD19A288FD7C8005CD699 /* ip.txt */,
				7D0674E0288688BD0074B4F7 /* Resource */,
				7DEEC736286043350060BEDF /* Main.storyboard */,
				7DEEC739286043370060BEDF /* Assets.xcassets */,
				7DEEC73B286043370060BEDF /* LaunchScreen.storyboard */,
				7DEEC73E286043370060BEDF /* Info.plist */,
				7DEEC73F286043370060BEDF /* main.m */,
			);
			path = TXRNTest;
			sourceTree = "<group>";
		};
		FD27C53F79EA65B2473652B1 /* Frameworks */ = {
			isa = PBXGroup;
			children = (
				E56BA8D260D18A37AADBFAE2 /* libPods-TXRNTest.a */,
			);
			name = Frameworks;
			sourceTree = "<group>";
		};
/* End PBXGroup section */

/* Begin PBXNativeTarget section */
		7DEEC729286043350060BEDF /* TXRNTest */ = {
			isa = PBXNativeTarget;
			buildConfigurationList = 7DEEC743286043370060BEDF /* Build configuration list for PBXNativeTarget "TXRNTest" */;
			buildPhases = (
				6925C782C510504273106615 /* [CP] Check Pods Manifest.lock */,
				7DEEC726286043350060BEDF /* Sources */,
				7DEEC727286043350060BEDF /* Frameworks */,
				7DEEC728286043350060BEDF /* Resources */,
				74187B5F592CDFB28BA586DF /* [CP] Copy Pods Resources */,
				7091222A2C1FBFF537E04E29 /* [CP] Embed Pods Frameworks */,
			);
			buildRules = (
			);
			dependencies = (
			);
			name = TXRNTest;
			productName = TXRNTest;
			productReference = 7DEEC72A286043350060BEDF /* TXRNTest.app */;
			productType = "com.apple.product-type.application";
		};
/* End PBXNativeTarget section */

/* Begin PBXProject section */
		7DEEC722286043350060BEDF /* Project object */ = {
			isa = PBXProject;
			attributes = {
				BuildIndependentTargetsInParallel = 1;
				LastUpgradeCheck = 1340;
				TargetAttributes = {
					7DEEC729286043350060BEDF = {
						CreatedOnToolsVersion = 13.4.1;
					};
				};
			};
			buildConfigurationList = 7DEEC725286043350060BEDF /* Build configuration list for PBXProject "TXRNTest" */;
			compatibilityVersion = "Xcode 13.0";
			developmentRegion = en;
			hasScannedForEncodings = 0;
			knownRegions = (
				en,
				Base,
			);
			mainGroup = 7DEEC721286043350060BEDF;
			productRefGroup = 7DEEC72B286043350060BEDF /* Products */;
			projectDirPath = "";
			projectRoot = "";
			targets = (
				7DEEC729286043350060BEDF /* TXRNTest */,
			);
		};
/* End PBXProject section */

/* Begin PBXResourcesBuildPhase section */
		7DEEC728286043350060BEDF /* Resources */ = {
			isa = PBXResourcesBuildPhase;
			buildActionMask = 2147483647;
			files = (
				7D06751B28868D280074B4F7 /* Ionicons.ttf in Resources */,
				7DEEC73D286043370060BEDF /* LaunchScreen.storyboard in Resources */,
				7DBBD1B1288FDDB2005CD699 /* logo.png in Resources */,
				7D06751528868D280074B4F7 /* Feather.ttf in Resources */,
				7D06751E28868D280074B4F7 /* FontAwesome.ttf in Resources */,
				7DEEC73A286043370060BEDF /* Assets.xcassets in Resources */,
				7D06751728868D280074B4F7 /* FontAwesome5_Brands.ttf in Resources */,
				7D06751328868D280074B4F7 /* Fontisto.ttf in Resources */,
				7D06752028868D280074B4F7 /* EvilIcons.ttf in Resources */,
				7DEEC738286043350060BEDF /* Main.storyboard in Resources */,
				7D06751C28868D280074B4F7 /* FontAwesome5_Solid.ttf in Resources */,
				7DBBD19B288FD7C8005CD699 /* ip.txt in Resources */,
				7D06751828868D280074B4F7 /* MaterialCommunityIcons.ttf in Resources */,
				7DBBD1AB288FDDB2005CD699 /* main.jsbundle in Resources */,
				7DBBD1AD288FDDB2005CD699 /* back-icon@2x.png in Resources */,
				7D06752128868D280074B4F7 /* SimpleLineIcons.ttf in Resources */,
				7D06752228868D280074B4F7 /* MaterialIcons.ttf in Resources */,
				7D06751628868D280074B4F7 /* Entypo.ttf in Resources */,
				7D06751428868D280074B4F7 /* Octicons.ttf in Resources */,
				7D06751A28868D280074B4F7 /* Foundation.ttf in Resources */,
				7D06751D28868D280074B4F7 /* FontAwesome5_Regular.ttf in Resources */,
				7DBBD1AC288FDDB2005CD699 /* back-icon@3x.png in Resources */,
				7DBBD1B0288FDDB2005CD699 /* gif.gif in Resources */,
				7D06751928868D280074B4F7 /* AntDesign.ttf in Resources */,
				7D06751F28868D280074B4F7 /* Zocial.ttf in Resources */,
				7DBBD1AF288FDDB2005CD699 /* back-icon-mask.png in Resources */,
				7DBBD1AE288FDDB2005CD699 /* back-icon.png in Resources */,
			);
			runOnlyForDeploymentPostprocessing = 0;
		};
/* End PBXResourcesBuildPhase section */

/* Begin PBXShellScriptBuildPhase section */
		6925C782C510504273106615 /* [CP] Check Pods Manifest.lock */ = {
			isa = PBXShellScriptBuildPhase;
			buildActionMask = 2147483647;
			files = (
			);
			inputFileListPaths = (
			);
			inputPaths = (
				"${PODS_PODFILE_DIR_PATH}/Podfile.lock",
				"${PODS_ROOT}/Manifest.lock",
			);
			name = "[CP] Check Pods Manifest.lock";
			outputFileListPaths = (
			);
			outputPaths = (
				"$(DERIVED_FILE_DIR)/Pods-TXRNTest-checkManifestLockResult.txt",
			);
			runOnlyForDeploymentPostprocessing = 0;
			shellPath = /bin/sh;
			shellScript = "diff \"${PODS_PODFILE_DIR_PATH}/Podfile.lock\" \"${PODS_ROOT}/Manifest.lock\" > /dev/null\nif [ $? != 0 ] ; then\n    # print error to STDERR\n    echo \"error: The sandbox is not in sync with the Podfile.lock. Run 'pod install' or update your CocoaPods installation.\" >&2\n    exit 1\nfi\n# This output is used by Xcode 'outputs' to avoid re-running this script phase.\necho \"SUCCESS\" > \"${SCRIPT_OUTPUT_FILE_0}\"\n";
			showEnvVarsInLog = 0;
		};
		7091222A2C1FBFF537E04E29 /* [CP] Embed Pods Frameworks */ = {
			isa = PBXShellScriptBuildPhase;
			buildActionMask = 2147483647;
			files = (
			);
			inputFileListPaths = (
				"${PODS_ROOT}/Target Support Files/Pods-TXRNTest/Pods-TXRNTest-frameworks-${CONFIGURATION}-input-files.xcfilelist",
			);
			name = "[CP] Embed Pods Frameworks";
			outputFileListPaths = (
				"${PODS_ROOT}/Target Support Files/Pods-TXRNTest/Pods-TXRNTest-frameworks-${CONFIGURATION}-output-files.xcfilelist",
			);
			runOnlyForDeploymentPostprocessing = 0;
			shellPath = /bin/sh;
			shellScript = "\"${PODS_ROOT}/Target Support Files/Pods-TXRNTest/Pods-TXRNTest-frameworks.sh\"\n";
			showEnvVarsInLog = 0;
		};
		74187B5F592CDFB28BA586DF /* [CP] Copy Pods Resources */ = {
			isa = PBXShellScriptBuildPhase;
			buildActionMask = 2147483647;
			files = (
			);
			inputFileListPaths = (
				"${PODS_ROOT}/Target Support Files/Pods-TXRNTest/Pods-TXRNTest-resources-${CONFIGURATION}-input-files.xcfilelist",
			);
			name = "[CP] Copy Pods Resources";
			outputFileListPaths = (
				"${PODS_ROOT}/Target Support Files/Pods-TXRNTest/Pods-TXRNTest-resources-${CONFIGURATION}-output-files.xcfilelist",
			);
			runOnlyForDeploymentPostprocessing = 0;
			shellPath = /bin/sh;
			shellScript = "\"${PODS_ROOT}/Target Support Files/Pods-TXRNTest/Pods-TXRNTest-resources.sh\"\n";
			showEnvVarsInLog = 0;
		};
/* End PBXShellScriptBuildPhase section */

/* Begin PBXSourcesBuildPhase section */
		7DEEC726286043350060BEDF /* Sources */ = {
			isa = PBXSourcesBuildPhase;
			buildActionMask = 2147483647;
			files = (
				7DEEC735286043350060BEDF /* ViewController.m in Sources */,
				7DEEC72F286043350060BEDF /* AppDelegate.m in Sources */,
				7DEEC740286043370060BEDF /* main.m in Sources */,
				7DEEC732286043350060BEDF /* SceneDelegate.m in Sources */,
				7DA69365287D40F60008ED37 /* PushNative.m in Sources */,
				7DA69368287EB5030008ED37 /* CJHTTPRequest.m in Sources */,
				7DA69362287D256D0008ED37 /* TestViewController.m in Sources */,
			);
			runOnlyForDeploymentPostprocessing = 0;
		};
/* End PBXSourcesBuildPhase section */

/* Begin PBXVariantGroup section */
		7DEEC736286043350060BEDF /* Main.storyboard */ = {
			isa = PBXVariantGroup;
			children = (
				7DEEC737286043350060BEDF /* Base */,
			);
			name = Main.storyboard;
			sourceTree = "<group>";
		};
		7DEEC73B286043370060BEDF /* LaunchScreen.storyboard */ = {
			isa = PBXVariantGroup;
			children = (
				7DEEC73C286043370060BEDF /* Base */,
			);
			name = LaunchScreen.storyboard;
			sourceTree = "<group>";
		};
/* End PBXVariantGroup section */

/* Begin XCBuildConfiguration section */
		7DEEC741286043370060BEDF /* Debug */ = {
			isa = XCBuildConfiguration;
			buildSettings = {
				ALWAYS_SEARCH_USER_PATHS = NO;
				CLANG_ANALYZER_NONNULL = YES;
				CLANG_ANALYZER_NUMBER_OBJECT_CONVERSION = YES_AGGRESSIVE;
				CLANG_CXX_LANGUAGE_STANDARD = "gnu++17";
				CLANG_ENABLE_MODULES = YES;
				CLANG_ENABLE_OBJC_ARC = YES;
				CLANG_ENABLE_OBJC_WEAK = YES;
				CLANG_WARN_BLOCK_CAPTURE_AUTORELEASING = YES;
				CLANG_WARN_BOOL_CONVERSION = YES;
				CLANG_WARN_COMMA = YES;
				CLANG_WARN_CONSTANT_CONVERSION = YES;
				CLANG_WARN_DEPRECATED_OBJC_IMPLEMENTATIONS = YES;
				CLANG_WARN_DIRECT_OBJC_ISA_USAGE = YES_ERROR;
				CLANG_WARN_DOCUMENTATION_COMMENTS = YES;
				CLANG_WARN_EMPTY_BODY = YES;
				CLANG_WARN_ENUM_CONVERSION = YES;
				CLANG_WARN_INFINITE_RECURSION = YES;
				CLANG_WARN_INT_CONVERSION = YES;
				CLANG_WARN_NON_LITERAL_NULL_CONVERSION = YES;
				CLANG_WARN_OBJC_IMPLICIT_RETAIN_SELF = YES;
				CLANG_WARN_OBJC_LITERAL_CONVERSION = YES;
				CLANG_WARN_OBJC_ROOT_CLASS = YES_ERROR;
				CLANG_WARN_QUOTED_INCLUDE_IN_FRAMEWORK_HEADER = YES;
				CLANG_WARN_RANGE_LOOP_ANALYSIS = YES;
				CLANG_WARN_STRICT_PROTOTYPES = YES;
				CLANG_WARN_SUSPICIOUS_MOVE = YES;
				CLANG_WARN_UNGUARDED_AVAILABILITY = YES_AGGRESSIVE;
				CLANG_WARN_UNREACHABLE_CODE = YES;
				CLANG_WARN__DUPLICATE_METHOD_MATCH = YES;
				COPY_PHASE_STRIP = NO;
				DEBUG_INFORMATION_FORMAT = dwarf;
				ENABLE_STRICT_OBJC_MSGSEND = YES;
				ENABLE_TESTABILITY = YES;
				"EXCLUDED_ARCHS[sdk=iphonesimulator*]" = "";
				GCC_C_LANGUAGE_STANDARD = gnu11;
				GCC_DYNAMIC_NO_PIC = NO;
				GCC_NO_COMMON_BLOCKS = YES;
				GCC_OPTIMIZATION_LEVEL = 0;
				GCC_PREPROCESSOR_DEFINITIONS = (
					"DEBUG=1",
					"$(inherited)",
				);
				GCC_WARN_64_TO_32_BIT_CONVERSION = YES;
				GCC_WARN_ABOUT_RETURN_TYPE = YES_ERROR;
				GCC_WARN_UNDECLARED_SELECTOR = YES;
				GCC_WARN_UNINITIALIZED_AUTOS = YES_AGGRESSIVE;
				GCC_WARN_UNUSED_FUNCTION = YES;
				GCC_WARN_UNUSED_VARIABLE = YES;
				IPHONEOS_DEPLOYMENT_TARGET = 11.0;
				MTL_ENABLE_DEBUG_INFO = INCLUDE_SOURCE;
				MTL_FAST_MATH = YES;
				ONLY_ACTIVE_ARCH = YES;
				SDKROOT = iphoneos;
			};
			name = Debug;
		};
		7DEEC742286043370060BEDF /* Release */ = {
			isa = XCBuildConfiguration;
			buildSettings = {
				ALWAYS_SEARCH_USER_PATHS = NO;
				CLANG_ANALYZER_NONNULL = YES;
				CLANG_ANALYZER_NUMBER_OBJECT_CONVERSION = YES_AGGRESSIVE;
				CLANG_CXX_LANGUAGE_STANDARD = "gnu++17";
				CLANG_ENABLE_MODULES = YES;
				CLANG_ENABLE_OBJC_ARC = YES;
				CLANG_ENABLE_OBJC_WEAK = YES;
				CLANG_WARN_BLOCK_CAPTURE_AUTORELEASING = YES;
				CLANG_WARN_BOOL_CONVERSION = YES;
				CLANG_WARN_COMMA = YES;
				CLANG_WARN_CONSTANT_CONVERSION = YES;
				CLANG_WARN_DEPRECATED_OBJC_IMPLEMENTATIONS = YES;
				CLANG_WARN_DIRECT_OBJC_ISA_USAGE = YES_ERROR;
				CLANG_WARN_DOCUMENTATION_COMMENTS = YES;
				CLANG_WARN_EMPTY_BODY = YES;
				CLANG_WARN_ENUM_CONVERSION = YES;
				CLANG_WARN_INFINITE_RECURSION = YES;
				CLANG_WARN_INT_CONVERSION = YES;
				CLANG_WARN_NON_LITERAL_NULL_CONVERSION = YES;
				CLANG_WARN_OBJC_IMPLICIT_RETAIN_SELF = YES;
				CLANG_WARN_OBJC_LITERAL_CONVERSION = YES;
				CLANG_WARN_OBJC_ROOT_CLASS = YES_ERROR;
				CLANG_WARN_QUOTED_INCLUDE_IN_FRAMEWORK_HEADER = YES;
				CLANG_WARN_RANGE_LOOP_ANALYSIS = YES;
				CLANG_WARN_STRICT_PROTOTYPES = YES;
				CLANG_WARN_SUSPICIOUS_MOVE = YES;
				CLANG_WARN_UNGUARDED_AVAILABILITY = YES_AGGRESSIVE;
				CLANG_WARN_UNREACHABLE_CODE = YES;
				CLANG_WARN__DUPLICATE_METHOD_MATCH = YES;
				COPY_PHASE_STRIP = NO;
				DEBUG_INFORMATION_FORMAT = "dwarf-with-dsym";
				ENABLE_NS_ASSERTIONS = NO;
				ENABLE_STRICT_OBJC_MSGSEND = YES;
				"EXCLUDED_ARCHS[sdk=iphonesimulator*]" = "";
				GCC_C_LANGUAGE_STANDARD = gnu11;
				GCC_NO_COMMON_BLOCKS = YES;
				GCC_WARN_64_TO_32_BIT_CONVERSION = YES;
				GCC_WARN_ABOUT_RETURN_TYPE = YES_ERROR;
				GCC_WARN_UNDECLARED_SELECTOR = YES;
				GCC_WARN_UNINITIALIZED_AUTOS = YES_AGGRESSIVE;
				GCC_WARN_UNUSED_FUNCTION = YES;
				GCC_WARN_UNUSED_VARIABLE = YES;
				IPHONEOS_DEPLOYMENT_TARGET = 11.0;
				MTL_ENABLE_DEBUG_INFO = NO;
				MTL_FAST_MATH = YES;
				SDKROOT = iphoneos;
				VALIDATE_PRODUCT = YES;
			};
			name = Release;
		};
		7DEEC744286043370060BEDF /* Debug */ = {
			isa = XCBuildConfiguration;
			baseConfigurationReference = CA59E96EDAEDDBB1E8F7C508 /* Pods-TXRNTest.debug.xcconfig */;
			buildSettings = {
				ASSETCATALOG_COMPILER_APPICON_NAME = AppIcon;
				ASSETCATALOG_COMPILER_GLOBAL_ACCENT_COLOR_NAME = AccentColor;
				CODE_SIGN_STYLE = Automatic;
				CURRENT_PROJECT_VERSION = 1;
				DEVELOPMENT_TEAM = T7C7TQD6VN;
				GENERATE_INFOPLIST_FILE = YES;
				INFOPLIST_FILE = TXRNTest/Info.plist;
				INFOPLIST_KEY_UIApplicationSupportsIndirectInputEvents = YES;
				INFOPLIST_KEY_UILaunchStoryboardName = LaunchScreen;
				INFOPLIST_KEY_UIMainStoryboardFile = Main;
				INFOPLIST_KEY_UISupportedInterfaceOrientations_iPad = "UIInterfaceOrientationPortrait UIInterfaceOrientationPortraitUpsideDown UIInterfaceOrientationLandscapeLeft UIInterfaceOrientationLandscapeRight";
				INFOPLIST_KEY_UISupportedInterfaceOrientations_iPhone = "UIInterfaceOrientationPortrait UIInterfaceOrientationLandscapeLeft UIInterfaceOrientationLandscapeRight";
				LD_RUNPATH_SEARCH_PATHS = (
					"$(inherited)",
					"@executable_path/Frameworks",
				);
				MARKETING_VERSION = 1.0;
				PRODUCT_BUNDLE_IDENTIFIER = www.zghx.com.TXRNTest;
				PRODUCT_NAME = "$(TARGET_NAME)";
				SWIFT_EMIT_LOC_STRINGS = YES;
				TARGETED_DEVICE_FAMILY = 1;
			};
			name = Debug;
		};
		7DEEC745286043370060BEDF /* Release */ = {
			isa = XCBuildConfiguration;
			baseConfigurationReference = 6A65F412940828E4C8ACADAD /* Pods-TXRNTest.release.xcconfig */;
			buildSettings = {
				ASSETCATALOG_COMPILER_APPICON_NAME = AppIcon;
				ASSETCATALOG_COMPILER_GLOBAL_ACCENT_COLOR_NAME = AccentColor;
				CODE_SIGN_STYLE = Automatic;
				CURRENT_PROJECT_VERSION = 1;
				DEVELOPMENT_TEAM = T7C7TQD6VN;
				GENERATE_INFOPLIST_FILE = YES;
				INFOPLIST_FILE = TXRNTest/Info.plist;
				INFOPLIST_KEY_UIApplicationSupportsIndirectInputEvents = YES;
				INFOPLIST_KEY_UILaunchStoryboardName = LaunchScreen;
				INFOPLIST_KEY_UIMainStoryboardFile = Main;
				INFOPLIST_KEY_UISupportedInterfaceOrientations_iPad = "UIInterfaceOrientationPortrait UIInterfaceOrientationPortraitUpsideDown UIInterfaceOrientationLandscapeLeft UIInterfaceOrientationLandscapeRight";
				INFOPLIST_KEY_UISupportedInterfaceOrientations_iPhone = "UIInterfaceOrientationPortrait UIInterfaceOrientationLandscapeLeft UIInterfaceOrientationLandscapeRight";
				LD_RUNPATH_SEARCH_PATHS = (
					"$(inherited)",
					/usr/lib/swift,
					"@executable_path/Frameworks",
				);
				MARKETING_VERSION = 1.0;
				PRODUCT_BUNDLE_IDENTIFIER = www.zghx.com.TXRNTest;
				PRODUCT_NAME = "$(TARGET_NAME)";
				SWIFT_EMIT_LOC_STRINGS = YES;
				TARGETED_DEVICE_FAMILY = 1;
			};
			name = Release;
		};
/* End XCBuildConfiguration section */

/* Begin XCConfigurationList section */
		7DEEC725286043350060BEDF /* Build configuration list for PBXProject "TXRNTest" */ = {
			isa = XCConfigurationList;
			buildConfigurations = (
				7DEEC741286043370060BEDF /* Debug */,
				7DEEC742286043370060BEDF /* Release */,
			);
			defaultConfigurationIsVisible = 0;
			defaultConfigurationName = Release;
		};
		7DEEC743286043370060BEDF /* Build configuration list for PBXNativeTarget "TXRNTest" */ = {
			isa = XCConfigurationList;
			buildConfigurations = (
				7DEEC744286043370060BEDF /* Debug */,
				7DEEC745286043370060BEDF /* Release */,
			);
			defaultConfigurationIsVisible = 0;
			defaultConfigurationName = Release;
		};
/* End XCConfigurationList section */
	};
	rootObject = 7DEEC722286043350060BEDF /* Project object */;
}
